
Microsoft Visual Studio Solution File, Format Version 12.00
# Visual Studio Version 18
VisualStudioVersion = 18.0.11123.170
MinimumVisualStudioVersion = 10.0.40219.1
Project("{2150E333-8FDC-42A3-9474-1A3956D46DE8}") = "Solution Items", "Solution Items", "{72E3898D-8592-4FFB-9F9E-BE2E7FE91EE1}"
	ProjectSection(SolutionItems) = preProject
		.gitignore = .gitignore
		README.md = README.md
	EndProjectSection
EndProject
Project("{2150E333-8FDC-42A3-9474-1A3956D46DE8}") = "tests", "tests", "{02EA681E-C7D8-13C7-8484-4AC65E1B71E8}"
EndProject
Project("{FAE04EC0-301F-11D3-BF4B-00C04F79EFBC}") = "RagDataTools.Chunkers", "RagDataTools.Chunkers\RagDataTools.Chunkers.csproj", "{BE063111-1232-CEAF-0B89-FBA273D4EC60}"
EndProject
Project("{FAE04EC0-301F-11D3-BF4B-00C04F79EFBC}") = "RagDataTools.UnitTests", "RagDataTools.UnitTests\RagDataTools.UnitTests.csproj", "{69C8E90F-C13C-02B0-1938-50DBD2708B78}"
EndProject
Project("{FAE04EC0-301F-11D3-BF4B-00C04F79EFBC}") = "RagDataTools.Benchmarks", "RagDataTools.Benchmarks\RagDataTools.Benchmarks.csproj", "{5246867C-3029-4F26-A877-6E04BF4A22D1}"
EndProject
Project("{2150E333-8FDC-42A3-9474-1A3956D46DE8}") = "src", "src", "{58B1D929-138C-4F09-AB1D-9464E579F44A}"
EndProject
Project("{FAE04EC0-301F-11D3-BF4B-00C04F79EFBC}") = "RagDataTools.Di", "RagDataTools.Di\RagDataTools.Di.csproj", "{B160B9F5-EAC7-4963-80DB-9D4AAB9A0A31}"
EndProject
Project("{FAE04EC0-301F-11D3-BF4B-00C04F79EFBC}") = "RagDataTools.Connectors", "RagDataTools.Connectors\RagDataTools.Connectors.csproj", "{74E5F33D-FBEC-4E49-BAE5-92F4584E41F7}"
EndProject
Project("{FAE04EC0-301F-11D3-BF4B-00C04F79EFBC}") = "RagDataTools.Connectors.Qdrant", "RagDataTools.Connectors.Qdrant\RagDataTools.Connectors.Qdrant.csproj", "{0ACEA997-FACA-4D8F-A968-417D013AB8F2}"
EndProject
Project("{FAE04EC0-301F-11D3-BF4B-00C04F79EFBC}") = "RagDataTools.Connectors.Neo4j", "RagDataTools.Connectors.Neo4j\RagDataTools.Connectors.Neo4j.csproj", "{EED3394F-635D-4C84-B5F9-68EE619502CE}"
EndProject
Project("{FAE04EC0-301F-11D3-BF4B-00C04F79EFBC}") = "RagDataTools.Unifiers", "RagDataTools.Unifiers\RagDataTools.Unifiers.csproj", "{2EA9EBA6-1083-4DBB-9F78-267CA9DB5910}"
EndProject
Project("{FAE04EC0-301F-11D3-BF4B-00C04F79EFBC}") = "RagDataTools.Ingest", "RagDataTools.Ingest\RagDataTools.Ingest.csproj", "{A8EE2519-D7BD-4B47-B28F-C80BB260E246}"
EndProject
Global
	GlobalSection(SolutionConfigurationPlatforms) = preSolution
		Debug|Any CPU = Debug|Any CPU
		Debug|x64 = Debug|x64
		Debug|x86 = Debug|x86
		Release|Any CPU = Release|Any CPU
		Release|x64 = Release|x64
		Release|x86 = Release|x86
	EndGlobalSection
	GlobalSection(ProjectConfigurationPlatforms) = postSolution
		{BE063111-1232-CEAF-0B89-FBA273D4EC60}.Debug|Any CPU.ActiveCfg = Debug|Any CPU
		{BE063111-1232-CEAF-0B89-FBA273D4EC60}.Debug|Any CPU.Build.0 = Debug|Any CPU
		{BE063111-1232-CEAF-0B89-FBA273D4EC60}.Debug|x64.ActiveCfg = Debug|Any CPU
		{BE063111-1232-CEAF-0B89-FBA273D4EC60}.Debug|x64.Build.0 = Debug|Any CPU
		{BE063111-1232-CEAF-0B89-FBA273D4EC60}.Debug|x86.ActiveCfg = Debug|Any CPU
		{BE063111-1232-CEAF-0B89-FBA273D4EC60}.Debug|x86.Build.0 = Debug|Any CPU
		{BE063111-1232-CEAF-0B89-FBA273D4EC60}.Release|Any CPU.ActiveCfg = Release|Any CPU
		{BE063111-1232-CEAF-0B89-FBA273D4EC60}.Release|Any CPU.Build.0 = Release|Any CPU
		{BE063111-1232-CEAF-0B89-FBA273D4EC60}.Release|x64.ActiveCfg = Release|Any CPU
		{BE063111-1232-CEAF-0B89-FBA273D4EC60}.Release|x64.Build.0 = Release|Any CPU
		{BE063111-1232-CEAF-0B89-FBA273D4EC60}.Release|x86.ActiveCfg = Release|Any CPU
		{BE063111-1232-CEAF-0B89-FBA273D4EC60}.Release|x86.Build.0 = Release|Any CPU
		{69C8E90F-C13C-02B0-1938-50DBD2708B78}.Debug|Any CPU.ActiveCfg = Debug|Any CPU
		{69C8E90F-C13C-02B0-1938-50DBD2708B78}.Debug|Any CPU.Build.0 = Debug|Any CPU
		{69C8E90F-C13C-02B0-1938-50DBD2708B78}.Debug|x64.ActiveCfg = Debug|Any CPU
		{69C8E90F-C13C-02B0-1938-50DBD2708B78}.Debug|x64.Build.0 = Debug|Any CPU
		{69C8E90F-C13C-02B0-1938-50DBD2708B78}.Debug|x86.ActiveCfg = Debug|Any CPU
		{69C8E90F-C13C-02B0-1938-50DBD2708B78}.Debug|x86.Build.0 = Debug|Any CPU
		{69C8E90F-C13C-02B0-1938-50DBD2708B78}.Release|Any CPU.ActiveCfg = Release|Any CPU
		{69C8E90F-C13C-02B0-1938-50DBD2708B78}.Release|Any CPU.Build.0 = Release|Any CPU
		{69C8E90F-C13C-02B0-1938-50DBD2708B78}.Release|x64.ActiveCfg = Release|Any CPU
		{69C8E90F-C13C-02B0-1938-50DBD2708B78}.Release|x64.Build.0 = Release|Any CPU
		{69C8E90F-C13C-02B0-1938-50DBD2708B78}.Release|x86.ActiveCfg = Release|Any CPU
		{69C8E90F-C13C-02B0-1938-50DBD2708B78}.Release|x86.Build.0 = Release|Any CPU
		{5246867C-3029-4F26-A877-6E04BF4A22D1}.Debug|Any CPU.ActiveCfg = Debug|Any CPU
		{5246867C-3029-4F26-A877-6E04BF4A22D1}.Debug|Any CPU.Build.0 = Debug|Any CPU
		{5246867C-3029-4F26-A877-6E04BF4A22D1}.Debug|x64.ActiveCfg = Debug|Any CPU
		{5246867C-3029-4F26-A877-6E04BF4A22D1}.Debug|x64.Build.0 = Debug|Any CPU
		{5246867C-3029-4F26-A877-6E04BF4A22D1}.Debug|x86.ActiveCfg = Debug|Any CPU
		{5246867C-3029-4F26-A877-6E04BF4A22D1}.Debug|x86.Build.0 = Debug|Any CPU
		{5246867C-3029-4F26-A877-6E04BF4A22D1}.Release|Any CPU.ActiveCfg = Release|Any CPU
		{5246867C-3029-4F26-A877-6E04BF4A22D1}.Release|Any CPU.Build.0 = Release|Any CPU
		{5246867C-3029-4F26-A877-6E04BF4A22D1}.Release|x64.ActiveCfg = Release|Any CPU
		{5246867C-3029-4F26-A877-6E04BF4A22D1}.Release|x64.Build.0 = Release|Any CPU
		{5246867C-3029-4F26-A877-6E04BF4A22D1}.Release|x86.ActiveCfg = Release|Any CPU
		{5246867C-3029-4F26-A877-6E04BF4A22D1}.Release|x86.Build.0 = Release|Any CPU
		{B160B9F5-EAC7-4963-80DB-9D4AAB9A0A31}.Debug|Any CPU.ActiveCfg = Debug|Any CPU
		{B160B9F5-EAC7-4963-80DB-9D4AAB9A0A31}.Debug|Any CPU.Build.0 = Debug|Any CPU
		{B160B9F5-EAC7-4963-80DB-9D4AAB9A0A31}.Debug|x64.ActiveCfg = Debug|Any CPU
		{B160B9F5-EAC7-4963-80DB-9D4AAB9A0A31}.Debug|x64.Build.0 = Debug|Any CPU
		{B160B9F5-EAC7-4963-80DB-9D4AAB9A0A31}.Debug|x86.ActiveCfg = Debug|Any CPU
		{B160B9F5-EAC7-4963-80DB-9D4AAB9A0A31}.Debug|x86.Build.0 = Debug|Any CPU
		{B160B9F5-EAC7-4963-80DB-9D4AAB9A0A31}.Release|Any CPU.ActiveCfg = Release|Any CPU
		{B160B9F5-EAC7-4963-80DB-9D4AAB9A0A31}.Release|Any CPU.Build.0 = Release|Any CPU
		{B160B9F5-EAC7-4963-80DB-9D4AAB9A0A31}.Release|x64.ActiveCfg = Release|Any CPU
		{B160B9F5-EAC7-4963-80DB-9D4AAB9A0A31}.Release|x64.Build.0 = Release|Any CPU
		{B160B9F5-EAC7-4963-80DB-9D4AAB9A0A31}.Release|x86.ActiveCfg = Release|Any CPU
		{B160B9F5-EAC7-4963-80DB-9D4AAB9A0A31}.Release|x86.Build.0 = Release|Any CPU
		{74E5F33D-FBEC-4E49-BAE5-92F4584E41F7}.Debug|Any CPU.ActiveCfg = Debug|Any CPU
		{74E5F33D-FBEC-4E49-BAE5-92F4584E41F7}.Debug|Any CPU.Build.0 = Debug|Any CPU
		{74E5F33D-FBEC-4E49-BAE5-92F4584E41F7}.Debug|x64.ActiveCfg = Debug|Any CPU
		{74E5F33D-FBEC-4E49-BAE5-92F4584E41F7}.Debug|x64.Build.0 = Debug|Any CPU
		{74E5F33D-FBEC-4E49-BAE5-92F4584E41F7}.Debug|x86.ActiveCfg = Debug|Any CPU
		{74E5F33D-FBEC-4E49-BAE5-92F4584E41F7}.Debug|x86.Build.0 = Debug|Any CPU
		{74E5F33D-FBEC-4E49-BAE5-92F4584E41F7}.Release|Any CPU.ActiveCfg = Release|Any CPU
		{74E5F33D-FBEC-4E49-BAE5-92F4584E41F7}.Release|Any CPU.Build.0 = Release|Any CPU
		{74E5F33D-FBEC-4E49-BAE5-92F4584E41F7}.Release|x64.ActiveCfg = Release|Any CPU
		{74E5F33D-FBEC-4E49-BAE5-92F4584E41F7}.Release|x64.Build.0 = Release|Any CPU
		{74E5F33D-FBEC-4E49-BAE5-92F4584E41F7}.Release|x86.ActiveCfg = Release|Any CPU
		{74E5F33D-FBEC-4E49-BAE5-92F4584E41F7}.Release|x86.Build.0 = Release|Any CPU
		{0ACEA997-FACA-4D8F-A968-417D013AB8F2}.Debug|Any CPU.ActiveCfg = Debug|Any CPU
		{0ACEA997-FACA-4D8F-A968-417D013AB8F2}.Debug|Any CPU.Build.0 = Debug|Any CPU
		{0ACEA997-FACA-4D8F-A968-417D013AB8F2}.Debug|x64.ActiveCfg = Debug|Any CPU
		{0ACEA997-FACA-4D8F-A968-417D013AB8F2}.Debug|x64.Build.0 = Debug|Any CPU
		{0ACEA997-FACA-4D8F-A968-417D013AB8F2}.Debug|x86.ActiveCfg = Debug|Any CPU
		{0ACEA997-FACA-4D8F-A968-417D013AB8F2}.Debug|x86.Build.0 = Debug|Any CPU
		{0ACEA997-FACA-4D8F-A968-417D013AB8F2}.Release|Any CPU.ActiveCfg = Release|Any CPU
		{0ACEA997-FACA-4D8F-A968-417D013AB8F2}.Release|Any CPU.Build.0 = Release|Any CPU
		{0ACEA997-FACA-4D8F-A968-417D013AB8F2}.Release|x64.ActiveCfg = Release|Any CPU
		{0ACEA997-FACA-4D8F-A968-417D013AB8F2}.Release|x64.Build.0 = Release|Any CPU
		{0ACEA997-FACA-4D8F-A968-417D013AB8F2}.Release|x86.ActiveCfg = Release|Any CPU
		{0ACEA997-FACA-4D8F-A968-417D013AB8F2}.Release|x86.Build.0 = Release|Any CPU
		{EED3394F-635D-4C84-B5F9-68EE619502CE}.Debug|Any CPU.ActiveCfg = Debug|Any CPU
		{EED3394F-635D-4C84-B5F9-68EE619502CE}.Debug|Any CPU.Build.0 = Debug|Any CPU
		{EED3394F-635D-4C84-B5F9-68EE619502CE}.Debug|x64.ActiveCfg = Debug|Any CPU
		{EED3394F-635D-4C84-B5F9-68EE619502CE}.Debug|x64.Build.0 = Debug|Any CPU
		{EED3394F-635D-4C84-B5F9-68EE619502CE}.Debug|x86.ActiveCfg = Debug|Any CPU
		{EED3394F-635D-4C84-B5F9-68EE619502CE}.Debug|x86.Build.0 = Debug|Any CPU
		{EED3394F-635D-4C84-B5F9-68EE619502CE}.Release|Any CPU.ActiveCfg = Release|Any CPU
		{EED3394F-635D-4C84-B5F9-68EE619502CE}.Release|Any CPU.Build.0 = Release|Any CPU
		{EED3394F-635D-4C84-B5F9-68EE619502CE}.Release|x64.ActiveCfg = Release|Any CPU
		{EED3394F-635D-4C84-B5F9-68EE619502CE}.Release|x64.Build.0 = Release|Any CPU
		{EED3394F-635D-4C84-B5F9-68EE619502CE}.Release|x86.ActiveCfg = Release|Any CPU
		{EED3394F-635D-4C84-B5F9-68EE619502CE}.Release|x86.Build.0 = Release|Any CPU
		{2EA9EBA6-1083-4DBB-9F78-267CA9DB5910}.Debug|Any CPU.ActiveCfg = Debug|Any CPU
		{2EA9EBA6-1083-4DBB-9F78-267CA9DB5910}.Debug|Any CPU.Build.0 = Debug|Any CPU
		{2EA9EBA6-1083-4DBB-9F78-267CA9DB5910}.Debug|x64.ActiveCfg = Debug|Any CPU
		{2EA9EBA6-1083-4DBB-9F78-267CA9DB5910}.Debug|x64.Build.0 = Debug|Any CPU
		{2EA9EBA6-1083-4DBB-9F78-267CA9DB5910}.Debug|x86.ActiveCfg = Debug|Any CPU
		{2EA9EBA6-1083-4DBB-9F78-267CA9DB5910}.Debug|x86.Build.0 = Debug|Any CPU
		{2EA9EBA6-1083-4DBB-9F78-267CA9DB5910}.Release|Any CPU.ActiveCfg = Release|Any CPU
		{2EA9EBA6-1083-4DBB-9F78-267CA9DB5910}.Release|Any CPU.Build.0 = Release|Any CPU
		{2EA9EBA6-1083-4DBB-9F78-267CA9DB5910}.Release|x64.ActiveCfg = Release|Any CPU
		{2EA9EBA6-1083-4DBB-9F78-267CA9DB5910}.Release|x64.Build.0 = Release|Any CPU
		{2EA9EBA6-1083-4DBB-9F78-267CA9DB5910}.Release|x86.ActiveCfg = Release|Any CPU
		{2EA9EBA6-1083-4DBB-9F78-267CA9DB5910}.Release|x86.Build.0 = Release|Any CPU
		{A8EE2519-D7BD-4B47-B28F-C80BB260E246}.Debug|Any CPU.ActiveCfg = Debug|Any CPU
		{A8EE2519-D7BD-4B47-B28F-C80BB260E246}.Debug|Any CPU.Build.0 = Debug|Any CPU
		{A8EE2519-D7BD-4B47-B28F-C80BB260E246}.Debug|x64.ActiveCfg = Debug|Any CPU
		{A8EE2519-D7BD-4B47-B28F-C80BB260E246}.Debug|x64.Build.0 = Debug|Any CPU
		{A8EE2519-D7BD-4B47-B28F-C80BB260E246}.Debug|x86.ActiveCfg = Debug|Any CPU
		{A8EE2519-D7BD-4B47-B28F-C80BB260E246}.Debug|x86.Build.0 = Debug|Any CPU
		{A8EE2519-D7BD-4B47-B28F-C80BB260E246}.Release|Any CPU.ActiveCfg = Release|Any CPU
		{A8EE2519-D7BD-4B47-B28F-C80BB260E246}.Release|Any CPU.Build.0 = Release|Any CPU
		{A8EE2519-D7BD-4B47-B28F-C80BB260E246}.Release|x64.ActiveCfg = Release|Any CPU
		{A8EE2519-D7BD-4B47-B28F-C80BB260E246}.Release|x64.Build.0 = Release|Any CPU
		{A8EE2519-D7BD-4B47-B28F-C80BB260E246}.Release|x86.ActiveCfg = Release|Any CPU
		{A8EE2519-D7BD-4B47-B28F-C80BB260E246}.Release|x86.Build.0 = Release|Any CPU
	EndGlobalSection
	GlobalSection(SolutionProperties) = preSolution
		HideSolutionNode = FALSE
	EndGlobalSection
	GlobalSection(NestedProjects) = preSolution
		{BE063111-1232-CEAF-0B89-FBA273D4EC60} = {58B1D929-138C-4F09-AB1D-9464E579F44A}
		{69C8E90F-C13C-02B0-1938-50DBD2708B78} = {02EA681E-C7D8-13C7-8484-4AC65E1B71E8}
		{5246867C-3029-4F26-A877-6E04BF4A22D1} = {02EA681E-C7D8-13C7-8484-4AC65E1B71E8}
		{B160B9F5-EAC7-4963-80DB-9D4AAB9A0A31} = {58B1D929-138C-4F09-AB1D-9464E579F44A}
		{74E5F33D-FBEC-4E49-BAE5-92F4584E41F7} = {58B1D929-138C-4F09-AB1D-9464E579F44A}
		{0ACEA997-FACA-4D8F-A968-417D013AB8F2} = {58B1D929-138C-4F09-AB1D-9464E579F44A}
		{EED3394F-635D-4C84-B5F9-68EE619502CE} = {58B1D929-138C-4F09-AB1D-9464E579F44A}
		{2EA9EBA6-1083-4DBB-9F78-267CA9DB5910} = {58B1D929-138C-4F09-AB1D-9464E579F44A}
	EndGlobalSection
	GlobalSection(ExtensibilityGlobals) = postSolution
		SolutionGuid = {C4EB803D-7EF3-4DBA-A14E-E86075D28499}
	EndGlobalSection
EndGlobal
