
Microsoft Visual Studio Solution File, Format Version 12.00
# Visual Studio Version 17
VisualStudioVersion = 17.12.35527.113
MinimumVisualStudioVersion = 10.0.40219.1
Project("{2150E333-8FDC-42A3-9474-1A3956D46DE8}") = "Solution Items", "Solution Items", "{72E3898D-8592-4FFB-9F9E-BE2E7FE91EE1}"
	ProjectSection(SolutionItems) = preProject
		..\.gitignore = ..\.gitignore
		..\README.md = ..\README.md
	EndProjectSection
EndProject
Project("{2150E333-8FDC-42A3-9474-1A3956D46DE8}") = "tests", "tests", "{02EA681E-C7D8-13C7-8484-4AC65E1B71E8}"
EndProject
Project("{FAE04EC0-301F-11D3-BF4B-00C04F79EFBC}") = "Sample.Chunkers", "Sample.Chunkers\Sample.Chunkers.csproj", "{BE063111-1232-CEAF-0B89-FBA273D4EC60}"
EndProject
Project("{FAE04EC0-301F-11D3-BF4B-00C04F79EFBC}") = "Sample.Chunkers.UnitTests", "Sample.Chunkers.UnitTests\Sample.Chunkers.UnitTests.csproj", "{69C8E90F-C13C-02B0-1938-50DBD2708B78}"
EndProject
Global
	GlobalSection(SolutionConfigurationPlatforms) = preSolution
		Debug|Any CPU = Debug|Any CPU
		Release|Any CPU = Release|Any CPU
	EndGlobalSection
	GlobalSection(ProjectConfigurationPlatforms) = postSolution
		{BE063111-1232-CEAF-0B89-FBA273D4EC60}.Debug|Any CPU.ActiveCfg = Debug|Any CPU
		{BE063111-1232-CEAF-0B89-FBA273D4EC60}.Debug|Any CPU.Build.0 = Debug|Any CPU
		{BE063111-1232-CEAF-0B89-FBA273D4EC60}.Release|Any CPU.ActiveCfg = Release|Any CPU
		{BE063111-1232-CEAF-0B89-FBA273D4EC60}.Release|Any CPU.Build.0 = Release|Any CPU
		{69C8E90F-C13C-02B0-1938-50DBD2708B78}.Debug|Any CPU.ActiveCfg = Debug|Any CPU
		{69C8E90F-C13C-02B0-1938-50DBD2708B78}.Debug|Any CPU.Build.0 = Debug|Any CPU
		{69C8E90F-C13C-02B0-1938-50DBD2708B78}.Release|Any CPU.ActiveCfg = Release|Any CPU
		{69C8E90F-C13C-02B0-1938-50DBD2708B78}.Release|Any CPU.Build.0 = Release|Any CPU
	EndGlobalSection
	GlobalSection(SolutionProperties) = preSolution
		HideSolutionNode = FALSE
	EndGlobalSection
	GlobalSection(NestedProjects) = preSolution
		{69C8E90F-C13C-02B0-1938-50DBD2708B78} = {02EA681E-C7D8-13C7-8484-4AC65E1B71E8}
	EndGlobalSection
	GlobalSection(ExtensibilityGlobals) = postSolution
		SolutionGuid = {C4EB803D-7EF3-4DBA-A14E-E86075D28499}
	EndGlobalSection
EndGlobal
